// !$*UTF8*$!
{
	archiveVersion = 1;
	classes = {
	};
	objectVersion = 55;
	objects = {

/* Begin PBXBuildFile section */
		7F221DF22720397000F4993F /* ButtonPressed.swift in Sources */ = {isa = PBXBuildFile; fileRef = 7F221DF12720397000F4993F /* ButtonPressed.swift */; };
		7F7053D2271B2F2F00C7756C /* ProductsViewModel.swift in Sources */ = {isa = PBXBuildFile; fileRef = 7F7053D1271B2F2F00C7756C /* ProductsViewModel.swift */; };
		7F9F243C271ECF1100E4736D /* Item.swift in Sources */ = {isa = PBXBuildFile; fileRef = 7F9F243B271ECF1100E4736D /* Item.swift */; };
		7F9F243E271ED63D00E4736D /* Availability.swift in Sources */ = {isa = PBXBuildFile; fileRef = 7F9F243D271ED63D00E4736D /* Availability.swift */; };
		7F9F2440271ED66800E4736D /* Discount.swift in Sources */ = {isa = PBXBuildFile; fileRef = 7F9F243F271ED66800E4736D /* Discount.swift */; };
		7F9F2442271ED68C00E4736D /* Image.swift in Sources */ = {isa = PBXBuildFile; fileRef = 7F9F2441271ED68C00E4736D /* Image.swift */; };
		7F9F2444271ED6B600E4736D /* Promotion.swift in Sources */ = {isa = PBXBuildFile; fileRef = 7F9F2443271ED6B600E4736D /* Promotion.swift */; };
		7F9F2446271EF31300E4736D /* ItemCardView.swift in Sources */ = {isa = PBXBuildFile; fileRef = 7F9F2445271EF31300E4736D /* ItemCardView.swift */; };
		7FA6EFB02763605500C57D76 /* SDWebImageSwiftUI in Frameworks */ = {isa = PBXBuildFile; productRef = 7FA6EFAF2763605500C57D76 /* SDWebImageSwiftUI */; };
		7FA6EFB3276369D700C57D76 /* Constants.swift in Sources */ = {isa = PBXBuildFile; fileRef = 7FA6EFB2276369D700C57D76 /* Constants.swift */; };
		7FA6EFB527636C6F00C57D76 /* Colors + Extensions.swift in Sources */ = {isa = PBXBuildFile; fileRef = 7FA6EFB427636C6F00C57D76 /* Colors + Extensions.swift */; };
		7FA6EFB727636FB400C57D76 /* ItemCardDescriptionText.swift in Sources */ = {isa = PBXBuildFile; fileRef = 7FA6EFB627636FB400C57D76 /* ItemCardDescriptionText.swift */; };
		7FA6EFB92763826A00C57D76 /* ItemCardImageView.swift in Sources */ = {isa = PBXBuildFile; fileRef = 7FA6EFB82763826A00C57D76 /* ItemCardImageView.swift */; };
		7FA6EFBB2763841700C57D76 /* ItemCardPriceView.swift in Sources */ = {isa = PBXBuildFile; fileRef = 7FA6EFBA2763841700C57D76 /* ItemCardPriceView.swift */; };
		7FA6EFBD276384F500C57D76 /* ItemCardButtonView.swift in Sources */ = {isa = PBXBuildFile; fileRef = 7FA6EFBC276384F500C57D76 /* ItemCardButtonView.swift */; };
		7FB0247027329953009D58E7 /* IQuantityChange.swift in Sources */ = {isa = PBXBuildFile; fileRef = 7FB0246F27329953009D58E7 /* IQuantityChange.swift */; };
		7FB024722732BD9E009D58E7 /* Assets.xcassets in Resources */ = {isa = PBXBuildFile; fileRef = 7FB024712732BD9E009D58E7 /* Assets.xcassets */; };
		7FB90DF127340E0000A98476 /* Utils.swift in Sources */ = {isa = PBXBuildFile; fileRef = 7FB90DF027340E0000A98476 /* Utils.swift */; };
		7FB90DF427341D2000A98476 /* Triangle.swift in Sources */ = {isa = PBXBuildFile; fileRef = 7FB90DF327341D2000A98476 /* Triangle.swift */; };
		7FB90DF6273423F100A98476 /* SaleView.swift in Sources */ = {isa = PBXBuildFile; fileRef = 7FB90DF5273423F100A98476 /* SaleView.swift */; };
		7FDE9438271AFD4800D51BF6 /* ShoppingCartApp.swift in Sources */ = {isa = PBXBuildFile; fileRef = 7FDE9437271AFD4800D51BF6 /* ShoppingCartApp.swift */; };
		7FDE943A271AFD4800D51BF6 /* ContentView.swift in Sources */ = {isa = PBXBuildFile; fileRef = 7FDE9439271AFD4800D51BF6 /* ContentView.swift */; };
		7FDE943F271AFD4900D51BF6 /* Preview Assets.xcassets in Resources */ = {isa = PBXBuildFile; fileRef = 7FDE943E271AFD4900D51BF6 /* Preview Assets.xcassets */; };
		7FDE9449271AFD4900D51BF6 /* ShoppingCartTests.swift in Sources */ = {isa = PBXBuildFile; fileRef = 7FDE9448271AFD4900D51BF6 /* ShoppingCartTests.swift */; };
		7FDE9453271AFD4900D51BF6 /* ShoppingCartUITests.swift in Sources */ = {isa = PBXBuildFile; fileRef = 7FDE9452271AFD4900D51BF6 /* ShoppingCartUITests.swift */; };
		7FDE9455271AFD4900D51BF6 /* ShoppingCartUITestsLaunchTests.swift in Sources */ = {isa = PBXBuildFile; fileRef = 7FDE9454271AFD4900D51BF6 /* ShoppingCartUITestsLaunchTests.swift */; };
		7FDE9466271AFDD300D51BF6 /* DataService.swift in Sources */ = {isa = PBXBuildFile; fileRef = 7FDE9465271AFDD300D51BF6 /* DataService.swift */; };
		7FDE9468271AFE3F00D51BF6 /* Product.swift in Sources */ = {isa = PBXBuildFile; fileRef = 7FDE9467271AFE3F00D51BF6 /* Product.swift */; };
/* End PBXBuildFile section */

/* Begin PBXContainerItemProxy section */
		7FDE9445271AFD4900D51BF6 /* PBXContainerItemProxy */ = {
			isa = PBXContainerItemProxy;
			containerPortal = 7FDE942C271AFD4800D51BF6 /* Project object */;
			proxyType = 1;
			remoteGlobalIDString = 7FDE9433271AFD4800D51BF6;
			remoteInfo = ShoppingCart;
		};
		7FDE944F271AFD4900D51BF6 /* PBXContainerItemProxy */ = {
			isa = PBXContainerItemProxy;
			containerPortal = 7FDE942C271AFD4800D51BF6 /* Project object */;
			proxyType = 1;
			remoteGlobalIDString = 7FDE9433271AFD4800D51BF6;
			remoteInfo = ShoppingCart;
		};
/* End PBXContainerItemProxy section */

/* Begin PBXFileReference section */
		7F221DF12720397000F4993F /* ButtonPressed.swift */ = {isa = PBXFileReference; lastKnownFileType = sourcecode.swift; path = ButtonPressed.swift; sourceTree = "<group>"; };
		7F7053D1271B2F2F00C7756C /* ProductsViewModel.swift */ = {isa = PBXFileReference; lastKnownFileType = sourcecode.swift; path = ProductsViewModel.swift; sourceTree = "<group>"; };
		7F9F243B271ECF1100E4736D /* Item.swift */ = {isa = PBXFileReference; lastKnownFileType = sourcecode.swift; path = Item.swift; sourceTree = "<group>"; };
		7F9F243D271ED63D00E4736D /* Availability.swift */ = {isa = PBXFileReference; lastKnownFileType = sourcecode.swift; path = Availability.swift; sourceTree = "<group>"; };
		7F9F243F271ED66800E4736D /* Discount.swift */ = {isa = PBXFileReference; lastKnownFileType = sourcecode.swift; path = Discount.swift; sourceTree = "<group>"; };
		7F9F2441271ED68C00E4736D /* Image.swift */ = {isa = PBXFileReference; lastKnownFileType = sourcecode.swift; path = Image.swift; sourceTree = "<group>"; };
		7F9F2443271ED6B600E4736D /* Promotion.swift */ = {isa = PBXFileReference; lastKnownFileType = sourcecode.swift; path = Promotion.swift; sourceTree = "<group>"; };
		7F9F2445271EF31300E4736D /* ItemCardView.swift */ = {isa = PBXFileReference; lastKnownFileType = sourcecode.swift; path = ItemCardView.swift; sourceTree = "<group>"; };
		7FA6EFB2276369D700C57D76 /* Constants.swift */ = {isa = PBXFileReference; lastKnownFileType = sourcecode.swift; path = Constants.swift; sourceTree = "<group>"; };
		7FA6EFB427636C6F00C57D76 /* Colors + Extensions.swift */ = {isa = PBXFileReference; lastKnownFileType = sourcecode.swift; path = "Colors + Extensions.swift"; sourceTree = "<group>"; };
		7FA6EFB627636FB400C57D76 /* ItemCardDescriptionText.swift */ = {isa = PBXFileReference; lastKnownFileType = sourcecode.swift; path = ItemCardDescriptionText.swift; sourceTree = "<group>"; };
		7FA6EFB82763826A00C57D76 /* ItemCardImageView.swift */ = {isa = PBXFileReference; lastKnownFileType = sourcecode.swift; path = ItemCardImageView.swift; sourceTree = "<group>"; };
		7FA6EFBA2763841700C57D76 /* ItemCardPriceView.swift */ = {isa = PBXFileReference; lastKnownFileType = sourcecode.swift; path = ItemCardPriceView.swift; sourceTree = "<group>"; };
		7FA6EFBC276384F500C57D76 /* ItemCardButtonView.swift */ = {isa = PBXFileReference; lastKnownFileType = sourcecode.swift; path = ItemCardButtonView.swift; sourceTree = "<group>"; };
		7FB0246F27329953009D58E7 /* IQuantityChange.swift */ = {isa = PBXFileReference; lastKnownFileType = sourcecode.swift; path = IQuantityChange.swift; sourceTree = "<group>"; };
		7FB024712732BD9E009D58E7 /* Assets.xcassets */ = {isa = PBXFileReference; lastKnownFileType = folder.assetcatalog; path = Assets.xcassets; sourceTree = "<group>"; };
		7FB90DF027340E0000A98476 /* Utils.swift */ = {isa = PBXFileReference; lastKnownFileType = sourcecode.swift; path = Utils.swift; sourceTree = "<group>"; };
		7FB90DF327341D2000A98476 /* Triangle.swift */ = {isa = PBXFileReference; lastKnownFileType = sourcecode.swift; path = Triangle.swift; sourceTree = "<group>"; };
		7FB90DF5273423F100A98476 /* SaleView.swift */ = {isa = PBXFileReference; lastKnownFileType = sourcecode.swift; path = SaleView.swift; sourceTree = "<group>"; };
		7FDE9434271AFD4800D51BF6 /* ShoppingCart.app */ = {isa = PBXFileReference; explicitFileType = wrapper.application; includeInIndex = 0; path = ShoppingCart.app; sourceTree = BUILT_PRODUCTS_DIR; };
		7FDE9437271AFD4800D51BF6 /* ShoppingCartApp.swift */ = {isa = PBXFileReference; lastKnownFileType = sourcecode.swift; path = ShoppingCartApp.swift; sourceTree = "<group>"; };
		7FDE9439271AFD4800D51BF6 /* ContentView.swift */ = {isa = PBXFileReference; lastKnownFileType = sourcecode.swift; path = ContentView.swift; sourceTree = "<group>"; };
		7FDE943E271AFD4900D51BF6 /* Preview Assets.xcassets */ = {isa = PBXFileReference; lastKnownFileType = folder.assetcatalog; path = "Preview Assets.xcassets"; sourceTree = "<group>"; };
		7FDE9444271AFD4900D51BF6 /* ShoppingCartTests.xctest */ = {isa = PBXFileReference; explicitFileType = wrapper.cfbundle; includeInIndex = 0; path = ShoppingCartTests.xctest; sourceTree = BUILT_PRODUCTS_DIR; };
		7FDE9448271AFD4900D51BF6 /* ShoppingCartTests.swift */ = {isa = PBXFileReference; lastKnownFileType = sourcecode.swift; path = ShoppingCartTests.swift; sourceTree = "<group>"; };
		7FDE944E271AFD4900D51BF6 /* ShoppingCartUITests.xctest */ = {isa = PBXFileReference; explicitFileType = wrapper.cfbundle; includeInIndex = 0; path = ShoppingCartUITests.xctest; sourceTree = BUILT_PRODUCTS_DIR; };
		7FDE9452271AFD4900D51BF6 /* ShoppingCartUITests.swift */ = {isa = PBXFileReference; lastKnownFileType = sourcecode.swift; path = ShoppingCartUITests.swift; sourceTree = "<group>"; };
		7FDE9454271AFD4900D51BF6 /* ShoppingCartUITestsLaunchTests.swift */ = {isa = PBXFileReference; lastKnownFileType = sourcecode.swift; path = ShoppingCartUITestsLaunchTests.swift; sourceTree = "<group>"; };
		7FDE9465271AFDD300D51BF6 /* DataService.swift */ = {isa = PBXFileReference; lastKnownFileType = sourcecode.swift; path = DataService.swift; sourceTree = "<group>"; };
		7FDE9467271AFE3F00D51BF6 /* Product.swift */ = {isa = PBXFileReference; lastKnownFileType = sourcecode.swift; path = Product.swift; sourceTree = "<group>"; };
/* End PBXFileReference section */

/* Begin PBXFrameworksBuildPhase section */
		7FDE9431271AFD4800D51BF6 /* Frameworks */ = {
			isa = PBXFrameworksBuildPhase;
			buildActionMask = 2147483647;
			files = (
				7FA6EFB02763605500C57D76 /* SDWebImageSwiftUI in Frameworks */,
			);
			runOnlyForDeploymentPostprocessing = 0;
		};
		7FDE9441271AFD4900D51BF6 /* Frameworks */ = {
			isa = PBXFrameworksBuildPhase;
			buildActionMask = 2147483647;
			files = (
			);
			runOnlyForDeploymentPostprocessing = 0;
		};
		7FDE944B271AFD4900D51BF6 /* Frameworks */ = {
			isa = PBXFrameworksBuildPhase;
			buildActionMask = 2147483647;
			files = (
			);
			runOnlyForDeploymentPostprocessing = 0;
		};
/* End PBXFrameworksBuildPhase section */

/* Begin PBXGroup section */
		7FA6EFB1276369C900C57D76 /* Constants */ = {
			isa = PBXGroup;
			children = (
				7FA6EFB2276369D700C57D76 /* Constants.swift */,
				7FA6EFB427636C6F00C57D76 /* Colors + Extensions.swift */,
			);
			path = Constants;
			sourceTree = "<group>";
		};
		7FB0246E27329927009D58E7 /* Protocols */ = {
			isa = PBXGroup;
			children = (
				7FB0246F27329953009D58E7 /* IQuantityChange.swift */,
			);
			path = Protocols;
			sourceTree = "<group>";
		};
		7FB90DEF27340DF400A98476 /* Utils */ = {
			isa = PBXGroup;
			children = (
				7FB90DF027340E0000A98476 /* Utils.swift */,
			);
			path = Utils;
			sourceTree = "<group>";
		};
		7FB90DF227341D1600A98476 /* Shapes */ = {
			isa = PBXGroup;
			children = (
				7FB90DF327341D2000A98476 /* Triangle.swift */,
			);
			path = Shapes;
			sourceTree = "<group>";
		};
		7FDE942B271AFD4800D51BF6 = {
			isa = PBXGroup;
			children = (
				7FB024712732BD9E009D58E7 /* Assets.xcassets */,
				7FDE9436271AFD4800D51BF6 /* ShoppingCart */,
				7FDE9447271AFD4900D51BF6 /* ShoppingCartTests */,
				7FDE9451271AFD4900D51BF6 /* ShoppingCartUITests */,
				7FDE9435271AFD4800D51BF6 /* Products */,
			);
			sourceTree = "<group>";
		};
		7FDE9435271AFD4800D51BF6 /* Products */ = {
			isa = PBXGroup;
			children = (
				7FDE9434271AFD4800D51BF6 /* ShoppingCart.app */,
				7FDE9444271AFD4900D51BF6 /* ShoppingCartTests.xctest */,
				7FDE944E271AFD4900D51BF6 /* ShoppingCartUITests.xctest */,
			);
			name = Products;
			sourceTree = "<group>";
		};
		7FDE9436271AFD4800D51BF6 /* ShoppingCart */ = {
			isa = PBXGroup;
			children = (
				7FA6EFB1276369C900C57D76 /* Constants */,
				7FB90DF227341D1600A98476 /* Shapes */,
				7FB90DEF27340DF400A98476 /* Utils */,
				7FB0246E27329927009D58E7 /* Protocols */,
				7FDE9464271AFDBD00D51BF6 /* DataService */,
				7FDE9463271AFDB500D51BF6 /* ViewModels */,
				7FDE9462271AFDB000D51BF6 /* Views */,
				7FDE9461271AFDA200D51BF6 /* Models */,
				7FDE9437271AFD4800D51BF6 /* ShoppingCartApp.swift */,
				7FDE943D271AFD4900D51BF6 /* Preview Content */,
			);
			path = ShoppingCart;
			sourceTree = "<group>";
		};
		7FDE943D271AFD4900D51BF6 /* Preview Content */ = {
			isa = PBXGroup;
			children = (
				7FDE943E271AFD4900D51BF6 /* Preview Assets.xcassets */,
			);
			path = "Preview Content";
			sourceTree = "<group>";
		};
		7FDE9447271AFD4900D51BF6 /* ShoppingCartTests */ = {
			isa = PBXGroup;
			children = (
				7FDE9448271AFD4900D51BF6 /* ShoppingCartTests.swift */,
			);
			path = ShoppingCartTests;
			sourceTree = "<group>";
		};
		7FDE9451271AFD4900D51BF6 /* ShoppingCartUITests */ = {
			isa = PBXGroup;
			children = (
				7FDE9452271AFD4900D51BF6 /* ShoppingCartUITests.swift */,
				7FDE9454271AFD4900D51BF6 /* ShoppingCartUITestsLaunchTests.swift */,
			);
			path = ShoppingCartUITests;
			sourceTree = "<group>";
		};
		7FDE9461271AFDA200D51BF6 /* Models */ = {
			isa = PBXGroup;
			children = (
				7FDE9467271AFE3F00D51BF6 /* Product.swift */,
				7F9F243B271ECF1100E4736D /* Item.swift */,
				7F9F243D271ED63D00E4736D /* Availability.swift */,
				7F9F243F271ED66800E4736D /* Discount.swift */,
				7F9F2441271ED68C00E4736D /* Image.swift */,
				7F9F2443271ED6B600E4736D /* Promotion.swift */,
				7F221DF12720397000F4993F /* ButtonPressed.swift */,
			);
			path = Models;
			sourceTree = "<group>";
		};
		7FDE9462271AFDB000D51BF6 /* Views */ = {
			isa = PBXGroup;
			children = (
				7FDE9439271AFD4800D51BF6 /* ContentView.swift */,
				7F9F2445271EF31300E4736D /* ItemCardView.swift */,
				7FB90DF5273423F100A98476 /* SaleView.swift */,
				7FA6EFB627636FB400C57D76 /* ItemCardDescriptionText.swift */,
				7FA6EFB82763826A00C57D76 /* ItemCardImageView.swift */,
				7FA6EFBA2763841700C57D76 /* ItemCardPriceView.swift */,
				7FA6EFBC276384F500C57D76 /* ItemCardButtonView.swift */,
			);
			path = Views;
			sourceTree = "<group>";
		};
		7FDE9463271AFDB500D51BF6 /* ViewModels */ = {
			isa = PBXGroup;
			children = (
				7F7053D1271B2F2F00C7756C /* ProductsViewModel.swift */,
			);
			path = ViewModels;
			sourceTree = "<group>";
		};
		7FDE9464271AFDBD00D51BF6 /* DataService */ = {
			isa = PBXGroup;
			children = (
				7FDE9465271AFDD300D51BF6 /* DataService.swift */,
			);
			path = DataService;
			sourceTree = "<group>";
		};
/* End PBXGroup section */

/* Begin PBXNativeTarget section */
		7FDE9433271AFD4800D51BF6 /* ShoppingCart */ = {
			isa = PBXNativeTarget;
			buildConfigurationList = 7FDE9458271AFD4900D51BF6 /* Build configuration list for PBXNativeTarget "ShoppingCart" */;
			buildPhases = (
				7FDE9430271AFD4800D51BF6 /* Sources */,
				7FDE9431271AFD4800D51BF6 /* Frameworks */,
				7FDE9432271AFD4800D51BF6 /* Resources */,
			);
			buildRules = (
			);
			dependencies = (
			);
			name = ShoppingCart;
			packageProductDependencies = (
				7FA6EFAF2763605500C57D76 /* SDWebImageSwiftUI */,
			);
			productName = ShoppingCart;
			productReference = 7FDE9434271AFD4800D51BF6 /* ShoppingCart.app */;
			productType = "com.apple.product-type.application";
		};
		7FDE9443271AFD4900D51BF6 /* ShoppingCartTests */ = {
			isa = PBXNativeTarget;
			buildConfigurationList = 7FDE945B271AFD4900D51BF6 /* Build configuration list for PBXNativeTarget "ShoppingCartTests" */;
			buildPhases = (
				7FDE9440271AFD4900D51BF6 /* Sources */,
				7FDE9441271AFD4900D51BF6 /* Frameworks */,
				7FDE9442271AFD4900D51BF6 /* Resources */,
			);
			buildRules = (
			);
			dependencies = (
				7FDE9446271AFD4900D51BF6 /* PBXTargetDependency */,
			);
			name = ShoppingCartTests;
			productName = ShoppingCartTests;
			productReference = 7FDE9444271AFD4900D51BF6 /* ShoppingCartTests.xctest */;
			productType = "com.apple.product-type.bundle.unit-test";
		};
		7FDE944D271AFD4900D51BF6 /* ShoppingCartUITests */ = {
			isa = PBXNativeTarget;
			buildConfigurationList = 7FDE945E271AFD4900D51BF6 /* Build configuration list for PBXNativeTarget "ShoppingCartUITests" */;
			buildPhases = (
				7FDE944A271AFD4900D51BF6 /* Sources */,
				7FDE944B271AFD4900D51BF6 /* Frameworks */,
				7FDE944C271AFD4900D51BF6 /* Resources */,
			);
			buildRules = (
			);
			dependencies = (
				7FDE9450271AFD4900D51BF6 /* PBXTargetDependency */,
			);
			name = ShoppingCartUITests;
			productName = ShoppingCartUITests;
			productReference = 7FDE944E271AFD4900D51BF6 /* ShoppingCartUITests.xctest */;
			productType = "com.apple.product-type.bundle.ui-testing";
		};
/* End PBXNativeTarget section */

/* Begin PBXProject section */
		7FDE942C271AFD4800D51BF6 /* Project object */ = {
			isa = PBXProject;
			attributes = {
				BuildIndependentTargetsInParallel = 1;
				LastSwiftUpdateCheck = 1300;
				LastUpgradeCheck = 1300;
				TargetAttributes = {
					7FDE9433271AFD4800D51BF6 = {
						CreatedOnToolsVersion = 13.0;
					};
					7FDE9443271AFD4900D51BF6 = {
						CreatedOnToolsVersion = 13.0;
						TestTargetID = 7FDE9433271AFD4800D51BF6;
					};
					7FDE944D271AFD4900D51BF6 = {
						CreatedOnToolsVersion = 13.0;
						TestTargetID = 7FDE9433271AFD4800D51BF6;
					};
				};
			};
			buildConfigurationList = 7FDE942F271AFD4800D51BF6 /* Build configuration list for PBXProject "ShoppingCart" */;
			compatibilityVersion = "Xcode 13.0";
			developmentRegion = en;
			hasScannedForEncodings = 0;
			knownRegions = (
				en,
				Base,
			);
			mainGroup = 7FDE942B271AFD4800D51BF6;
			packageReferences = (
				7FA6EFAE2763605500C57D76 /* XCRemoteSwiftPackageReference "SDWebImageSwiftUI" */,
			);
			productRefGroup = 7FDE9435271AFD4800D51BF6 /* Products */;
			projectDirPath = "";
			projectRoot = "";
			targets = (
				7FDE9433271AFD4800D51BF6 /* ShoppingCart */,
				7FDE9443271AFD4900D51BF6 /* ShoppingCartTests */,
				7FDE944D271AFD4900D51BF6 /* ShoppingCartUITests */,
			);
		};
/* End PBXProject section */

/* Begin PBXResourcesBuildPhase section */
		7FDE9432271AFD4800D51BF6 /* Resources */ = {
			isa = PBXResourcesBuildPhase;
			buildActionMask = 2147483647;
			files = (
				7FB024722732BD9E009D58E7 /* Assets.xcassets in Resources */,
				7FDE943F271AFD4900D51BF6 /* Preview Assets.xcassets in Resources */,
			);
			runOnlyForDeploymentPostprocessing = 0;
		};
		7FDE9442271AFD4900D51BF6 /* Resources */ = {
			isa = PBXResourcesBuildPhase;
			buildActionMask = 2147483647;
			files = (
			);
			runOnlyForDeploymentPostprocessing = 0;
		};
		7FDE944C271AFD4900D51BF6 /* Resources */ = {
			isa = PBXResourcesBuildPhase;
			buildActionMask = 2147483647;
			files = (
			);
			runOnlyForDeploymentPostprocessing = 0;
		};
/* End PBXResourcesBuildPhase section */

/* Begin PBXSourcesBuildPhase section */
		7FDE9430271AFD4800D51BF6 /* Sources */ = {
			isa = PBXSourcesBuildPhase;
			buildActionMask = 2147483647;
			files = (
				7F9F243E271ED63D00E4736D /* Availability.swift in Sources */,
				7FA6EFB3276369D700C57D76 /* Constants.swift in Sources */,
				7F9F2442271ED68C00E4736D /* Image.swift in Sources */,
				7F7053D2271B2F2F00C7756C /* ProductsViewModel.swift in Sources */,
				7F9F2440271ED66800E4736D /* Discount.swift in Sources */,
				7F221DF22720397000F4993F /* ButtonPressed.swift in Sources */,
				7FB90DF127340E0000A98476 /* Utils.swift in Sources */,
				7FDE9466271AFDD300D51BF6 /* DataService.swift in Sources */,
				7FA6EFBB2763841700C57D76 /* ItemCardPriceView.swift in Sources */,
				7FDE9468271AFE3F00D51BF6 /* Product.swift in Sources */,
				7FDE943A271AFD4800D51BF6 /* ContentView.swift in Sources */,
				7F9F2444271ED6B600E4736D /* Promotion.swift in Sources */,
				7FA6EFB527636C6F00C57D76 /* Colors + Extensions.swift in Sources */,
				7FB90DF6273423F100A98476 /* SaleView.swift in Sources */,
				7FA6EFB92763826A00C57D76 /* ItemCardImageView.swift in Sources */,
				7FA6EFB727636FB400C57D76 /* ItemCardDescriptionText.swift in Sources */,
				7F9F243C271ECF1100E4736D /* Item.swift in Sources */,
				7FA6EFBD276384F500C57D76 /* ItemCardButtonView.swift in Sources */,
				7F9F2446271EF31300E4736D /* ItemCardView.swift in Sources */,
				7FB0247027329953009D58E7 /* IQuantityChange.swift in Sources */,
				7FDE9438271AFD4800D51BF6 /* ShoppingCartApp.swift in Sources */,
				7FB90DF427341D2000A98476 /* Triangle.swift in Sources */,
			);
			runOnlyForDeploymentPostprocessing = 0;
		};
		7FDE9440271AFD4900D51BF6 /* Sources */ = {
			isa = PBXSourcesBuildPhase;
			buildActionMask = 2147483647;
			files = (
				7FDE9449271AFD4900D51BF6 /* ShoppingCartTests.swift in Sources */,
			);
			runOnlyForDeploymentPostprocessing = 0;
		};
		7FDE944A271AFD4900D51BF6 /* Sources */ = {
			isa = PBXSourcesBuildPhase;
			buildActionMask = 2147483647;
			files = (
				7FDE9455271AFD4900D51BF6 /* ShoppingCartUITestsLaunchTests.swift in Sources */,
				7FDE9453271AFD4900D51BF6 /* ShoppingCartUITests.swift in Sources */,
			);
			runOnlyForDeploymentPostprocessing = 0;
		};
/* End PBXSourcesBuildPhase section */

/* Begin PBXTargetDependency section */
		7FDE9446271AFD4900D51BF6 /* PBXTargetDependency */ = {
			isa = PBXTargetDependency;
			target = 7FDE9433271AFD4800D51BF6 /* ShoppingCart */;
			targetProxy = 7FDE9445271AFD4900D51BF6 /* PBXContainerItemProxy */;
		};
		7FDE9450271AFD4900D51BF6 /* PBXTargetDependency */ = {
			isa = PBXTargetDependency;
			target = 7FDE9433271AFD4800D51BF6 /* ShoppingCart */;
			targetProxy = 7FDE944F271AFD4900D51BF6 /* PBXContainerItemProxy */;
		};
/* End PBXTargetDependency section */

/* Begin XCBuildConfiguration section */
		7FDE9456271AFD4900D51BF6 /* Debug */ = {
			isa = XCBuildConfiguration;
			buildSettings = {
				ALWAYS_SEARCH_USER_PATHS = NO;
				CLANG_ANALYZER_NONNULL = YES;
				CLANG_ANALYZER_NUMBER_OBJECT_CONVERSION = YES_AGGRESSIVE;
				CLANG_CXX_LANGUAGE_STANDARD = "gnu++17";
				CLANG_CXX_LIBRARY = "libc++";
				CLANG_ENABLE_MODULES = YES;
				CLANG_ENABLE_OBJC_ARC = YES;
				CLANG_ENABLE_OBJC_WEAK = YES;
				CLANG_WARN_BLOCK_CAPTURE_AUTORELEASING = YES;
				CLANG_WARN_BOOL_CONVERSION = YES;
				CLANG_WARN_COMMA = YES;
				CLANG_WARN_CONSTANT_CONVERSION = YES;
				CLANG_WARN_DEPRECATED_OBJC_IMPLEMENTATIONS = YES;
				CLANG_WARN_DIRECT_OBJC_ISA_USAGE = YES_ERROR;
				CLANG_WARN_DOCUMENTATION_COMMENTS = YES;
				CLANG_WARN_EMPTY_BODY = YES;
				CLANG_WARN_ENUM_CONVERSION = YES;
				CLANG_WARN_INFINITE_RECURSION = YES;
				CLANG_WARN_INT_CONVERSION = YES;
				CLANG_WARN_NON_LITERAL_NULL_CONVERSION = YES;
				CLANG_WARN_OBJC_IMPLICIT_RETAIN_SELF = YES;
				CLANG_WARN_OBJC_LITERAL_CONVERSION = YES;
				CLANG_WARN_OBJC_ROOT_CLASS = YES_ERROR;
				CLANG_WARN_QUOTED_INCLUDE_IN_FRAMEWORK_HEADER = YES;
				CLANG_WARN_RANGE_LOOP_ANALYSIS = YES;
				CLANG_WARN_STRICT_PROTOTYPES = YES;
				CLANG_WARN_SUSPICIOUS_MOVE = YES;
				CLANG_WARN_UNGUARDED_AVAILABILITY = YES_AGGRESSIVE;
				CLANG_WARN_UNREACHABLE_CODE = YES;
				CLANG_WARN__DUPLICATE_METHOD_MATCH = YES;
				COPY_PHASE_STRIP = NO;
				DEBUG_INFORMATION_FORMAT = dwarf;
				ENABLE_STRICT_OBJC_MSGSEND = YES;
				ENABLE_TESTABILITY = YES;
				GCC_C_LANGUAGE_STANDARD = gnu11;
				GCC_DYNAMIC_NO_PIC = NO;
				GCC_NO_COMMON_BLOCKS = YES;
				GCC_OPTIMIZATION_LEVEL = 0;
				GCC_PREPROCESSOR_DEFINITIONS = (
					"DEBUG=1",
					"$(inherited)",
				);
				GCC_WARN_64_TO_32_BIT_CONVERSION = YES;
				GCC_WARN_ABOUT_RETURN_TYPE = YES_ERROR;
				GCC_WARN_UNDECLARED_SELECTOR = YES;
				GCC_WARN_UNINITIALIZED_AUTOS = YES_AGGRESSIVE;
				GCC_WARN_UNUSED_FUNCTION = YES;
				GCC_WARN_UNUSED_VARIABLE = YES;
				IPHONEOS_DEPLOYMENT_TARGET = 15.0;
				MTL_ENABLE_DEBUG_INFO = INCLUDE_SOURCE;
				MTL_FAST_MATH = YES;
				ONLY_ACTIVE_ARCH = YES;
				SDKROOT = iphoneos;
				SWIFT_ACTIVE_COMPILATION_CONDITIONS = DEBUG;
				SWIFT_OPTIMIZATION_LEVEL = "-Onone";
			};
			name = Debug;
		};
		7FDE9457271AFD4900D51BF6 /* Release */ = {
			isa = XCBuildConfiguration;
			buildSettings = {
				ALWAYS_SEARCH_USER_PATHS = NO;
				CLANG_ANALYZER_NONNULL = YES;
				CLANG_ANALYZER_NUMBER_OBJECT_CONVERSION = YES_AGGRESSIVE;
				CLANG_CXX_LANGUAGE_STANDARD = "gnu++17";
				CLANG_CXX_LIBRARY = "libc++";
				CLANG_ENABLE_MODULES = YES;
				CLANG_ENABLE_OBJC_ARC = YES;
				CLANG_ENABLE_OBJC_WEAK = YES;
				CLANG_WARN_BLOCK_CAPTURE_AUTORELEASING = YES;
				CLANG_WARN_BOOL_CONVERSION = YES;
				CLANG_WARN_COMMA = YES;
				CLANG_WARN_CONSTANT_CONVERSION = YES;
				CLANG_WARN_DEPRECATED_OBJC_IMPLEMENTATIONS = YES;
				CLANG_WARN_DIRECT_OBJC_ISA_USAGE = YES_ERROR;
				CLANG_WARN_DOCUMENTATION_COMMENTS = YES;
				CLANG_WARN_EMPTY_BODY = YES;
				CLANG_WARN_ENUM_CONVERSION = YES;
				CLANG_WARN_INFINITE_RECURSION = YES;
				CLANG_WARN_INT_CONVERSION = YES;
				CLANG_WARN_NON_LITERAL_NULL_CONVERSION = YES;
				CLANG_WARN_OBJC_IMPLICIT_RETAIN_SELF = YES;
				CLANG_WARN_OBJC_LITERAL_CONVERSION = YES;
				CLANG_WARN_OBJC_ROOT_CLASS = YES_ERROR;
				CLANG_WARN_QUOTED_INCLUDE_IN_FRAMEWORK_HEADER = YES;
				CLANG_WARN_RANGE_LOOP_ANALYSIS = YES;
				CLANG_WARN_STRICT_PROTOTYPES = YES;
				CLANG_WARN_SUSPICIOUS_MOVE = YES;
				CLANG_WARN_UNGUARDED_AVAILABILITY = YES_AGGRESSIVE;
				CLANG_WARN_UNREACHABLE_CODE = YES;
				CLANG_WARN__DUPLICATE_METHOD_MATCH = YES;
				COPY_PHASE_STRIP = NO;
				DEBUG_INFORMATION_FORMAT = "dwarf-with-dsym";
				ENABLE_NS_ASSERTIONS = NO;
				ENABLE_STRICT_OBJC_MSGSEND = YES;
				GCC_C_LANGUAGE_STANDARD = gnu11;
				GCC_NO_COMMON_BLOCKS = YES;
				GCC_WARN_64_TO_32_BIT_CONVERSION = YES;
				GCC_WARN_ABOUT_RETURN_TYPE = YES_ERROR;
				GCC_WARN_UNDECLARED_SELECTOR = YES;
				GCC_WARN_UNINITIALIZED_AUTOS = YES_AGGRESSIVE;
				GCC_WARN_UNUSED_FUNCTION = YES;
				GCC_WARN_UNUSED_VARIABLE = YES;
				IPHONEOS_DEPLOYMENT_TARGET = 15.0;
				MTL_ENABLE_DEBUG_INFO = NO;
				MTL_FAST_MATH = YES;
				SDKROOT = iphoneos;
				SWIFT_COMPILATION_MODE = wholemodule;
				SWIFT_OPTIMIZATION_LEVEL = "-O";
				VALIDATE_PRODUCT = YES;
			};
			name = Release;
		};
		7FDE9459271AFD4900D51BF6 /* Debug */ = {
			isa = XCBuildConfiguration;
			buildSettings = {
				ASSETCATALOG_COMPILER_APPICON_NAME = AppIcon;
				ASSETCATALOG_COMPILER_GLOBAL_ACCENT_COLOR_NAME = AccentColor;
				CODE_SIGN_STYLE = Automatic;
				CURRENT_PROJECT_VERSION = 1;
				DEVELOPMENT_ASSET_PATHS = "\"ShoppingCart/Preview Content\"";
				DEVELOPMENT_TEAM = BA2LFY464R;
				ENABLE_PREVIEWS = YES;
				GENERATE_INFOPLIST_FILE = YES;
				INFOPLIST_KEY_UIApplicationSceneManifest_Generation = YES;
				INFOPLIST_KEY_UIApplicationSupportsIndirectInputEvents = YES;
				INFOPLIST_KEY_UILaunchScreen_Generation = YES;
				INFOPLIST_KEY_UISupportedInterfaceOrientations_iPad = "UIInterfaceOrientationPortrait UIInterfaceOrientationPortraitUpsideDown UIInterfaceOrientationLandscapeLeft UIInterfaceOrientationLandscapeRight";
				INFOPLIST_KEY_UISupportedInterfaceOrientations_iPhone = "UIInterfaceOrientationPortrait UIInterfaceOrientationLandscapeLeft UIInterfaceOrientationLandscapeRight";
				IPHONEOS_DEPLOYMENT_TARGET = 14.0;
				LD_RUNPATH_SEARCH_PATHS = (
					"$(inherited)",
					"@executable_path/Frameworks",
				);
				MARKETING_VERSION = 1.0;
				PRODUCT_BUNDLE_IDENTIFIER = com.moonhaven.ShoppingCart;
				PRODUCT_NAME = "$(TARGET_NAME)";
				SWIFT_EMIT_LOC_STRINGS = YES;
				SWIFT_VERSION = 5.0;
				TARGETED_DEVICE_FAMILY = "1,2";
			};
			name = Debug;
		};
		7FDE945A271AFD4900D51BF6 /* Release */ = {
			isa = XCBuildConfiguration;
			buildSettings = {
				ASSETCATALOG_COMPILER_APPICON_NAME = AppIcon;
				ASSETCATALOG_COMPILER_GLOBAL_ACCENT_COLOR_NAME = AccentColor;
				CODE_SIGN_STYLE = Automatic;
				CURRENT_PROJECT_VERSION = 1;
				DEVELOPMENT_ASSET_PATHS = "\"ShoppingCart/Preview Content\"";
				DEVELOPMENT_TEAM = BA2LFY464R;
				ENABLE_PREVIEWS = YES;
				GENERATE_INFOPLIST_FILE = YES;
				INFOPLIST_KEY_UIApplicationSceneManifest_Generation = YES;
				INFOPLIST_KEY_UIApplicationSupportsIndirectInputEvents = YES;
				INFOPLIST_KEY_UILaunchScreen_Generation = YES;
				INFOPLIST_KEY_UISupportedInterfaceOrientations_iPad = "UIInterfaceOrientationPortrait UIInterfaceOrientationPortraitUpsideDown UIInterfaceOrientationLandscapeLeft UIInterfaceOrientationLandscapeRight";
				INFOPLIST_KEY_UISupportedInterfaceOrientations_iPhone = "UIInterfaceOrientationPortrait UIInterfaceOrientationLandscapeLeft UIInterfaceOrientationLandscapeRight";
				IPHONEOS_DEPLOYMENT_TARGET = 14.0;
				LD_RUNPATH_SEARCH_PATHS = (
					"$(inherited)",
					"@executable_path/Frameworks",
				);
				MARKETING_VERSION = 1.0;
				PRODUCT_BUNDLE_IDENTIFIER = com.moonhaven.ShoppingCart;
				PRODUCT_NAME = "$(TARGET_NAME)";
				SWIFT_EMIT_LOC_STRINGS = YES;
				SWIFT_VERSION = 5.0;
				TARGETED_DEVICE_FAMILY = "1,2";
			};
			name = Release;
		};
		7FDE945C271AFD4900D51BF6 /* Debug */ = {
			isa = XCBuildConfiguration;
			buildSettings = {
				ALWAYS_EMBED_SWIFT_STANDARD_LIBRARIES = YES;
				BUNDLE_LOADER = "$(TEST_HOST)";
				CODE_SIGN_STYLE = Automatic;
				CURRENT_PROJECT_VERSION = 1;
				DEVELOPMENT_TEAM = BA2LFY464R;
				GENERATE_INFOPLIST_FILE = YES;
				IPHONEOS_DEPLOYMENT_TARGET = 14.0;
				LD_RUNPATH_SEARCH_PATHS = (
					"$(inherited)",
					"@executable_path/Frameworks",
					"@loader_path/Frameworks",
				);
				MARKETING_VERSION = 1.0;
				PRODUCT_BUNDLE_IDENTIFIER = com.moonhaven.ShoppingCartTests;
				PRODUCT_NAME = "$(TARGET_NAME)";
				SWIFT_EMIT_LOC_STRINGS = NO;
				SWIFT_VERSION = 5.0;
				TARGETED_DEVICE_FAMILY = "1,2";
				TEST_HOST = "$(BUILT_PRODUCTS_DIR)/ShoppingCart.app/ShoppingCart";
			};
			name = Debug;
		};
		7FDE945D271AFD4900D51BF6 /* Release */ = {
			isa = XCBuildConfiguration;
			buildSettings = {
				ALWAYS_EMBED_SWIFT_STANDARD_LIBRARIES = YES;
				BUNDLE_LOADER = "$(TEST_HOST)";
				CODE_SIGN_STYLE = Automatic;
				CURRENT_PROJECT_VERSION = 1;
				DEVELOPMENT_TEAM = BA2LFY464R;
				GENERATE_INFOPLIST_FILE = YES;
				IPHONEOS_DEPLOYMENT_TARGET = 14.0;
				LD_RUNPATH_SEARCH_PATHS = (
					"$(inherited)",
					"@executable_path/Frameworks",
					"@loader_path/Frameworks",
				);
				MARKETING_VERSION = 1.0;
				PRODUCT_BUNDLE_IDENTIFIER = com.moonhaven.ShoppingCartTests;
				PRODUCT_NAME = "$(TARGET_NAME)";
				SWIFT_EMIT_LOC_STRINGS = NO;
				SWIFT_VERSION = 5.0;
				TARGETED_DEVICE_FAMILY = "1,2";
				TEST_HOST = "$(BUILT_PRODUCTS_DIR)/ShoppingCart.app/ShoppingCart";
			};
			name = Release;
		};
		7FDE945F271AFD4900D51BF6 /* Debug */ = {
			isa = XCBuildConfiguration;
			buildSettings = {
				ALWAYS_EMBED_SWIFT_STANDARD_LIBRARIES = YES;
				CODE_SIGN_STYLE = Automatic;
				CURRENT_PROJECT_VERSION = 1;
				DEVELOPMENT_TEAM = BA2LFY464R;
				GENERATE_INFOPLIST_FILE = YES;
				LD_RUNPATH_SEARCH_PATHS = (
					"$(inherited)",
					"@executable_path/Frameworks",
					"@loader_path/Frameworks",
				);
				MARKETING_VERSION = 1.0;
				PRODUCT_BUNDLE_IDENTIFIER = com.moonhaven.ShoppingCartUITests;
				PRODUCT_NAME = "$(TARGET_NAME)";
				SWIFT_EMIT_LOC_STRINGS = NO;
				SWIFT_VERSION = 5.0;
				TARGETED_DEVICE_FAMILY = "1,2";
				TEST_TARGET_NAME = ShoppingCart;
			};
			name = Debug;
		};
		7FDE9460271AFD4900D51BF6 /* Release */ = {
			isa = XCBuildConfiguration;
			buildSettings = {
				ALWAYS_EMBED_SWIFT_STANDARD_LIBRARIES = YES;
				CODE_SIGN_STYLE = Automatic;
				CURRENT_PROJECT_VERSION = 1;
				DEVELOPMENT_TEAM = BA2LFY464R;
				GENERATE_INFOPLIST_FILE = YES;
				LD_RUNPATH_SEARCH_PATHS = (
					"$(inherited)",
					"@executable_path/Frameworks",
					"@loader_path/Frameworks",
				);
				MARKETING_VERSION = 1.0;
				PRODUCT_BUNDLE_IDENTIFIER = com.moonhaven.ShoppingCartUITests;
				PRODUCT_NAME = "$(TARGET_NAME)";
				SWIFT_EMIT_LOC_STRINGS = NO;
				SWIFT_VERSION = 5.0;
				TARGETED_DEVICE_FAMILY = "1,2";
				TEST_TARGET_NAME = ShoppingCart;
			};
			name = Release;
		};
/* End XCBuildConfiguration section */

/* Begin XCConfigurationList section */
		7FDE942F271AFD4800D51BF6 /* Build configuration list for PBXProject "ShoppingCart" */ = {
			isa = XCConfigurationList;
			buildConfigurations = (
				7FDE9456271AFD4900D51BF6 /* Debug */,
				7FDE9457271AFD4900D51BF6 /* Release */,
			);
			defaultConfigurationIsVisible = 0;
			defaultConfigurationName = Release;
		};
		7FDE9458271AFD4900D51BF6 /* Build configuration list for PBXNativeTarget "ShoppingCart" */ = {
			isa = XCConfigurationList;
			buildConfigurations = (
				7FDE9459271AFD4900D51BF6 /* Debug */,
				7FDE945A271AFD4900D51BF6 /* Release */,
			);
			defaultConfigurationIsVisible = 0;
			defaultConfigurationName = Release;
		};
		7FDE945B271AFD4900D51BF6 /* Build configuration list for PBXNativeTarget "ShoppingCartTests" */ = {
			isa = XCConfigurationList;
			buildConfigurations = (
				7FDE945C271AFD4900D51BF6 /* Debug */,
				7FDE945D271AFD4900D51BF6 /* Release */,
			);
			defaultConfigurationIsVisible = 0;
			defaultConfigurationName = Release;
		};
		7FDE945E271AFD4900D51BF6 /* Build configuration list for PBXNativeTarget "ShoppingCartUITests" */ = {
			isa = XCConfigurationList;
			buildConfigurations = (
				7FDE945F271AFD4900D51BF6 /* Debug */,
				7FDE9460271AFD4900D51BF6 /* Release */,
			);
			defaultConfigurationIsVisible = 0;
			defaultConfigurationName = Release;
		};
/* End XCConfigurationList section */

/* Begin XCRemoteSwiftPackageReference section */
		7FA6EFAE2763605500C57D76 /* XCRemoteSwiftPackageReference "SDWebImageSwiftUI" */ = {
			isa = XCRemoteSwiftPackageReference;
			repositoryURL = "https://github.com/SDWebImage/SDWebImageSwiftUI";
			requirement = {
				kind = upToNextMajorVersion;
				minimumVersion = 2.0.0;
			};
		};
/* End XCRemoteSwiftPackageReference section */

/* Begin XCSwiftPackageProductDependency section */
		7FA6EFAF2763605500C57D76 /* SDWebImageSwiftUI */ = {
			isa = XCSwiftPackageProductDependency;
			package = 7FA6EFAE2763605500C57D76 /* XCRemoteSwiftPackageReference "SDWebImageSwiftUI" */;
			productName = SDWebImageSwiftUI;
		};
/* End XCSwiftPackageProductDependency section */
	};
	rootObject = 7FDE942C271AFD4800D51BF6 /* Project object */;
}
